Microsoft Visual Studio Solution File, Format Version 11.00
# Visual Studio 2008

Project("{96B90E37-8430-94AB-0EB7-80808447706F}") = "DashTag", "Assembly-CSharp.csproj", "{0FEF32C4-B855-F78E-5EAD-FDC393D8402B}"
EndProject
Global
	GlobalSection(SolutionConfigurationPlatforms) = preSolution
		Debug|Any CPU = Debug|Any CPU
		Release|Any CPU = Release|Any CPU
	EndGlobalSection
	GlobalSection(ProjectConfigurationPlatforms) = postSolution
		{0FEF32C4-B855-F78E-5EAD-FDC393D8402B}.Debug|Any CPU.ActiveCfg = Debug|Any CPU
		{0FEF32C4-B855-F78E-5EAD-FDC393D8402B}.Debug|Any CPU.Build.0 = Debug|Any CPU
		{0FEF32C4-B855-F78E-5EAD-FDC393D8402B}.Release|Any CPU.ActiveCfg = Release|Any CPU
		{0FEF32C4-B855-F78E-5EAD-FDC393D8402B}.Release|Any CPU.Build.0 = Release|Any CPU
	EndGlobalSection
	GlobalSection(SolutionProperties) = preSolution
		HideSolutionNode = FALSE
	EndGlobalSection
	GlobalSection(MonoDevelopProperties) = preSolution
		StartupItem = Assembly-CSharp.csproj
	EndGlobalSection
EndGlobal
